github.com/graphql-go/graphql v0.8.1 h1:p7/Ou/WpmulocJeEx7wjQy611rtXGQaAcXGqanuMMgc=
github.com/graphql-go/graphql v0.8.1/go.mod h1:nKiHzRM0qopJEwCITUuIsxk9PlVlwIiiI8pnJEhordQ=
github.com/mnmtanish/go-graphiql v0.0.0-20160921055525-cef5a61bd62b h1:lNtRCAd8H6kbpFCeyeaj9iKjWO6Mw1FsuCm8a83f3I4=
github.com/mnmtanish/go-graphiql v0.0.0-20160921055525-cef5a61bd62b/go.mod h1:GvbRjr1rHfffN7u0UiYN8EgNDstHifc1sLIqs1ZPYes=
